{
  "name": "kaboom-ui",
  "version": "1.0.0",
  "lockfileVersion": 2,
  "requires": true,
  "packages": {
    "": {
      "name": "kaboom-ui",
      "version": "1.0.0",
      "license": "ISC",
      "devDependencies": {
        "kaboom": "^3000.0.0-beta.6"
      }
    },
    "node_modules/kaboom": {
      "version": "3000.0.0-beta.6",
      "resolved": "https://registry.npmjs.org/kaboom/-/kaboom-3000.0.0-beta.6.tgz",
      "integrity": "sha512-kHlM2PVJ5ogghN34D0AAriC22JCVygW5ZqIUj4lTKXQiY/tKCgL0gDifkLvPs30lLR+NVssuR7vqQT5JbO5PzA==",
      "dev": true
    }
  },
  "dependencies": {
    "kaboom": {
      "version": "3000.0.0-beta.6",
      "resolved": "https://registry.npmjs.org/kaboom/-/kaboom-3000.0.0-beta.6.tgz",
      "integrity": "sha512-kHlM2PVJ5ogghN34D0AAriC22JCVygW5ZqIUj4lTKXQiY/tKCgL0gDifkLvPs30lLR+NVssuR7vqQT5JbO5PzA==",
      "dev": true
    }
  }
}
